{
    "_readme": [
        "This file locks the dependencies of your project to a known state",
        "Read more about it at https://getcomposer.org/doc/01-basic-usage.md#installing-dependencies",
        "This file is @generated automatically"
    ],
    "content-hash": "3f94ae837dd3a94cf408b98353712717",
    "packages": [
        {
            "name": "erusev/parsedown",
            "version": "dev-master",
            "source": {
                "type": "git",
                "url": "https://github.com/erusev/parsedown.git",
                "reference": "6598f3860c2698fe2f0f1bc98212fc01d0a1893c"
            },
            "dist": {
                "type": "zip",
                "url": "https://api.github.com/repos/erusev/parsedown/zipball/6598f3860c2698fe2f0f1bc98212fc01d0a1893c",
                "reference": "6598f3860c2698fe2f0f1bc98212fc01d0a1893c",
                "shasum": ""
            },
            "require": {
                "ext-mbstring": "*",
                "php": ">=5.3.0"
            },
            "require-dev": {
                "phpunit/phpunit": "^4.8.35"
            },
            "default-branch": true,
            "type": "library",
            "autoload": {
                "psr-0": {
                    "Parsedown": ""
                }
            },
            "notification-url": "https://packagist.org/downloads/",
            "license": [
                "MIT"
            ],
            "authors": [
                {
                    "name": "Emanuil Rusev",
                    "email": "hello@erusev.com",
                    "homepage": "http://erusev.com"
                }
            ],
            "description": "Parser for Markdown.",
            "homepage": "http://parsedown.org",
            "keywords": [
                "markdown",
                "parser"
            ],
            "support": {
                "issues": "https://github.com/erusev/parsedown/issues",
                "source": "https://github.com/erusev/parsedown/tree/master"
            },
            "time": "2020-08-09T14:12:21+00:00"
        },
        {
            "name": "kaitai-io/kaitai_struct_php_runtime",
            "version": "dev-master",
            "source": {
                "type": "git",
                "url": "https://github.com/kaitai-io/kaitai_struct_php_runtime.git",
                "reference": "e21bc2a3824f1a2b37588c191596b67cb4ba03ba"
            },
            "dist": {
                "type": "zip",
                "url": "https://api.github.com/repos/kaitai-io/kaitai_struct_php_runtime/zipball/e21bc2a3824f1a2b37588c191596b67cb4ba03ba",
                "reference": "e21bc2a3824f1a2b37588c191596b67cb4ba03ba",
                "shasum": ""
            },
            "require": {
                "ext-iconv": "*",
                "php": "^7.0 || ^8.0"
            },
            "require-dev": {
                "phpunit/phpunit": "^6.0 || ^8.0"
            },
            "suggest": {
                "ext-zlib": "for `process: zlib` support"
            },
            "default-branch": true,
            "type": "library",
            "autoload": {
                "psr-4": {
                    "Kaitai\\": "lib/Kaitai"
                }
            },
            "license": [
                "MIT"
            ],
            "description": "Kaitai Struct: runtime library for PHP",
            "homepage": "https://github.com/kaitai-io/kaitai_struct_php_runtime",
            "support": {
                "issues": "https://github.com/kaitai-io/kaitai_struct_php_runtime/issues",
                "chat": "https://gitter.im/kaitai_struct/Lobby",
                "source": "https://github.com/kaitai-io/kaitai_struct_php_runtime/tree/0.10"
            },
            "time": "2022-07-08T00:41:18+00:00"
        },
        {
            "name": "mpratt/relativetime",
            "version": "dev-master",
            "source": {
                "type": "git",
                "url": "https://github.com/mpratt/RelativeTime.git",
                "reference": "976db7deed8efef2b5958947711eeabd2d616fea"
            },
            "dist": {
                "type": "zip",
                "url": "https://api.github.com/repos/mpratt/RelativeTime/zipball/976db7deed8efef2b5958947711eeabd2d616fea",
                "reference": "976db7deed8efef2b5958947711eeabd2d616fea",
                "shasum": ""
            },
            "require": {
                "php": ">=5.3"
            },
            "require-dev": {
                "phpstan/phpstan": "^1.4",
                "phpunit/phpunit": "*"
            },
            "default-branch": true,
            "type": "library",
            "autoload": {
                "psr-0": {
                    "RelativeTime": "Lib/"
                }
            },
            "notification-url": "https://packagist.org/downloads/",
            "license": [
                "MIT"
            ],
            "authors": [
                {
                    "name": "Michael Pratt",
                    "email": "pratt@hablarmierda.net",
                    "homepage": "http://www.michael-pratt.com",
                    "role": "Author/Developer"
                }
            ],
            "description": "A library that calculates the time difference between two dates and returns the result in words (Example: 5 minutes ago or 5 Minutes left). The library supports other languages aswell like Spanish and German.",
            "homepage": "https://github.com/mpratt/RelativeTime",
            "keywords": [
                "ago",
                "date",
                "future",
                "interval",
                "relative",
                "time",
                "time-ago"
            ],
            "support": {
                "issues": "https://github.com/mpratt/RelativeTime/issues",
                "source": "https://github.com/mpratt/RelativeTime/tree/1.5.13"
            },
            "time": "2023-06-03T02:15:10+00:00"
        },
        {
            "name": "nopjmp/discord-webhooks",
            "version": "dev-master",
            "source": {
                "type": "git",
                "url": "https://github.com/nopjmp/discord-webhooks.git",
                "reference": "79a923abebb0b764d8592605fe26750fb7dc9a46"
            },
            "dist": {
                "type": "zip",
                "url": "https://api.github.com/repos/nopjmp/discord-webhooks/zipball/79a923abebb0b764d8592605fe26750fb7dc9a46",
                "reference": "79a923abebb0b764d8592605fe26750fb7dc9a46",
                "shasum": ""
            },
            "require": {
                "ext-curl": "*",
                "php": ">=5.4"
            },
            "default-branch": true,
            "type": "library",
            "autoload": {
                "psr-4": {
                    "DiscordWebhooks\\": "DiscordWebhooks/"
                }
            },
            "notification-url": "https://packagist.org/downloads/",
            "license": [
                "MIT"
            ],
            "authors": [
                {
                    "name": "Kayla Thompson",
                    "email": "jmp@const.ninja"
                }
            ],
            "description": "A simple Discord webhook client library.",
            "support": {
                "issues": "https://github.com/nopjmp/discord-webhooks/issues",
                "source": "https://github.com/nopjmp/discord-webhooks/tree/0.3.1"
            },
            "time": "2018-04-27T04:13:39+00:00"
        },
        {
            "name": "phpmailer/phpmailer",
            "version": "dev-master",
            "source": {
                "type": "git",
                "url": "https://github.com/PHPMailer/PHPMailer.git",
                "reference": "e88da8d679acc3824ff231fdc553565b802ac016"
            },
            "dist": {
                "type": "zip",
                "url": "https://api.github.com/repos/PHPMailer/PHPMailer/zipball/e88da8d679acc3824ff231fdc553565b802ac016",
                "reference": "e88da8d679acc3824ff231fdc553565b802ac016",
                "shasum": ""
            },
            "require": {
                "ext-ctype": "*",
                "ext-filter": "*",
                "ext-hash": "*",
                "php": ">=5.5.0"
            },
            "require-dev": {
                "dealerdirect/phpcodesniffer-composer-installer": "^1.0",
                "doctrine/annotations": "^1.2.6 || ^1.13.3",
                "php-parallel-lint/php-console-highlighter": "^1.0.0",
                "php-parallel-lint/php-parallel-lint": "^1.3.2",
                "phpcompatibility/php-compatibility": "^9.3.5",
                "roave/security-advisories": "dev-latest",
                "squizlabs/php_codesniffer": "^3.7.2",
                "yoast/phpunit-polyfills": "^1.0.4"
            },
            "suggest": {
                "ext-mbstring": "Needed to send email in multibyte encoding charset or decode encoded addresses",
                "ext-openssl": "Needed for secure SMTP sending and DKIM signing",
                "greew/oauth2-azure-provider": "Needed for Microsoft Azure XOAUTH2 authentication",
                "hayageek/oauth2-yahoo": "Needed for Yahoo XOAUTH2 authentication",
                "league/oauth2-google": "Needed for Google XOAUTH2 authentication",
                "psr/log": "For optional PSR-3 debug logging",
                "symfony/polyfill-mbstring": "To support UTF-8 if the Mbstring PHP extension is not enabled (^1.2)",
                "thenetworg/oauth2-azure": "Needed for Microsoft XOAUTH2 authentication"
            },
            "default-branch": true,
            "type": "library",
            "autoload": {
                "psr-4": {
                    "PHPMailer\\PHPMailer\\": "src/"
                }
            },
            "notification-url": "https://packagist.org/downloads/",
            "license": [
                "LGPL-2.1-only"
            ],
            "authors": [
                {
                    "name": "Marcus Bointon",
                    "email": "phpmailer@synchromedia.co.uk"
                },
                {
                    "name": "Jim Jagielski",
                    "email": "jimjag@gmail.com"
                },
                {
                    "name": "Andy Prevost",
                    "email": "codeworxtech@users.sourceforge.net"
                },
                {
                    "name": "Brent R. Matzelle"
                }
            ],
            "description": "PHPMailer is a full-featured email creation and transfer class for PHP",
            "support": {
                "issues": "https://github.com/PHPMailer/PHPMailer/issues",
                "source": "https://github.com/PHPMailer/PHPMailer/tree/v6.8.1"
            },
            "funding": [
                {
                    "url": "https://github.com/Synchro",
                    "type": "github"
                }
            ],
            "time": "2023-08-29T08:26:30+00:00"
        },
        {
            "name": "symfony/polyfill-ctype",
            "version": "1.x-dev",
            "source": {
                "type": "git",
                "url": "https://github.com/symfony/polyfill-ctype.git",
                "reference": "ea208ce43cbb04af6867b4fdddb1bdbf84cc28cb"
            },
            "dist": {
                "type": "zip",
                "url": "https://api.github.com/repos/symfony/polyfill-ctype/zipball/ea208ce43cbb04af6867b4fdddb1bdbf84cc28cb",
                "reference": "ea208ce43cbb04af6867b4fdddb1bdbf84cc28cb",
                "shasum": ""
            },
            "require": {
                "php": ">=7.1"
            },
            "provide": {
                "ext-ctype": "*"
            },
            "suggest": {
                "ext-ctype": "For best performance"
            },
            "default-branch": true,
            "type": "library",
            "extra": {
                "branch-alias": {
                    "dev-main": "1.28-dev"
                },
                "thanks": {
                    "name": "symfony/polyfill",
                    "url": "https://github.com/symfony/polyfill"
                }
            },
            "autoload": {
                "files": [
                    "bootstrap.php"
                ],
                "psr-4": {
                    "Symfony\\Polyfill\\Ctype\\": ""
                }
            },
            "notification-url": "https://packagist.org/downloads/",
            "license": [
                "MIT"
            ],
            "authors": [
                {
                    "name": "Gert de Pagter",
                    "email": "BackEndTea@gmail.com"
                },
                {
                    "name": "Symfony Community",
                    "homepage": "https://symfony.com/contributors"
                }
            ],
            "description": "Symfony polyfill for ctype functions",
            "homepage": "https://symfony.com",
            "keywords": [
                "compatibility",
                "ctype",
                "polyfill",
                "portable"
            ],
            "support": {
                "source": "https://github.com/symfony/polyfill-ctype/tree/v1.28.0"
            },
            "funding": [
                {
                    "url": "https://symfony.com/sponsor",
                    "type": "custom"
                },
                {
                    "url": "https://github.com/fabpot",
                    "type": "github"
                },
                {
                    "url": "https://tidelift.com/funding/github/packagist/symfony/symfony",
                    "type": "tidelift"
                }
            ],
            "time": "2023-01-26T09:26:14+00:00"
        },
        {
            "name": "symfony/polyfill-mbstring",
            "version": "1.x-dev",
            "source": {
                "type": "git",
                "url": "https://github.com/symfony/polyfill-mbstring.git",
                "reference": "42292d99c55abe617799667f454222c54c60e229"
            },
            "dist": {
                "type": "zip",
                "url": "https://api.github.com/repos/symfony/polyfill-mbstring/zipball/42292d99c55abe617799667f454222c54c60e229",
                "reference": "42292d99c55abe617799667f454222c54c60e229",
                "shasum": ""
            },
            "require": {
                "php": ">=7.1"
            },
            "provide": {
                "ext-mbstring": "*"
            },
            "suggest": {
                "ext-mbstring": "For best performance"
            },
            "default-branch": true,
            "type": "library",
            "extra": {
                "branch-alias": {
                    "dev-main": "1.28-dev"
                },
                "thanks": {
                    "name": "symfony/polyfill",
                    "url": "https://github.com/symfony/polyfill"
                }
            },
            "autoload": {
                "files": [
                    "bootstrap.php"
                ],
                "psr-4": {
                    "Symfony\\Polyfill\\Mbstring\\": ""
                }
            },
            "notification-url": "https://packagist.org/downloads/",
            "license": [
                "MIT"
            ],
            "authors": [
                {
                    "name": "Nicolas Grekas",
                    "email": "p@tchwork.com"
                },
                {
                    "name": "Symfony Community",
                    "homepage": "https://symfony.com/contributors"
                }
            ],
            "description": "Symfony polyfill for the Mbstring extension",
            "homepage": "https://symfony.com",
            "keywords": [
                "compatibility",
                "mbstring",
                "polyfill",
                "portable",
                "shim"
            ],
            "support": {
                "source": "https://github.com/symfony/polyfill-mbstring/tree/v1.28.0"
            },
            "funding": [
                {
                    "url": "https://symfony.com/sponsor",
                    "type": "custom"
                },
                {
                    "url": "https://github.com/fabpot",
                    "type": "github"
                },
                {
                    "url": "https://tidelift.com/funding/github/packagist/symfony/symfony",
                    "type": "tidelift"
                }
            ],
            "time": "2023-07-28T09:04:16+00:00"
        },
        {
            "name": "twig/twig",
            "version": "3.x-dev",
            "source": {
                "type": "git",
                "url": "https://github.com/twigphp/Twig.git",
                "reference": "3ae6fb8723776f4fc9d8ab490fcabcd3173da8e3"
            },
            "dist": {
                "type": "zip",
                "url": "https://api.github.com/repos/twigphp/Twig/zipball/3ae6fb8723776f4fc9d8ab490fcabcd3173da8e3",
                "reference": "3ae6fb8723776f4fc9d8ab490fcabcd3173da8e3",
                "shasum": ""
            },
            "require": {
                "php": ">=7.2.5",
                "symfony/polyfill-ctype": "^1.8",
                "symfony/polyfill-mbstring": "^1.3"
            },
            "require-dev": {
                "psr/container": "^1.0|^2.0",
                "symfony/phpunit-bridge": "^5.4.9|^6.3|^7.0"
            },
            "default-branch": true,
            "type": "library",
            "autoload": {
                "psr-4": {
                    "Twig\\": "src/"
                }
            },
            "notification-url": "https://packagist.org/downloads/",
            "license": [
                "BSD-3-Clause"
            ],
            "authors": [
                {
                    "name": "Fabien Potencier",
                    "email": "fabien@symfony.com",
                    "homepage": "http://fabien.potencier.org",
                    "role": "Lead Developer"
                },
                {
                    "name": "Twig Team",
                    "role": "Contributors"
                },
                {
                    "name": "Armin Ronacher",
                    "email": "armin.ronacher@active-4.com",
                    "role": "Project Founder"
                }
            ],
            "description": "Twig, the flexible, fast, and secure template language for PHP",
            "homepage": "https://twig.symfony.com",
            "keywords": [
                "templating"
            ],
            "support": {
                "issues": "https://github.com/twigphp/Twig/issues",
                "source": "https://github.com/twigphp/Twig/tree/3.x"
            },
            "funding": [
                {
                    "url": "https://github.com/fabpot",
                    "type": "github"
                },
                {
                    "url": "https://tidelift.com/funding/github/packagist/twig/twig",
                    "type": "tidelift"
                }
            ],
            "time": "2023-09-15T06:04:59+00:00"
        }
    ],
    "packages-dev": [],
    "aliases": [],
    "minimum-stability": "dev",
    "stability-flags": {
        "kaitai-io/kaitai_struct_php_runtime": 20,
        "erusev/parsedown": 20,
        "phpmailer/phpmailer": 20,
        "nopjmp/discord-webhooks": 20,
        "mpratt/relativetime": 20
    },
    "prefer-stable": false,
    "prefer-lowest": false,
    "platform": [],
    "platform-dev": [],
    "plugin-api-version": "2.6.0"
}
